// !$*UTF8*$!
{
	archiveVersion = 1;
	classes = {
	};
	objectVersion = 51;
	objects = {

/* Begin PBXBuildFile section */
		5CF01E8ACAD4A01CF14B9BE0 /* Pods_TestesUnitarios.framework in Frameworks */ = {isa = PBXBuildFile; fileRef = B296B72449A0160944B492CC /* Pods_TestesUnitarios.framework */; };
		77D7753001B7939FD14040B8 /* Pods_TestesUnitariosTests.framework in Frameworks */ = {isa = PBXBuildFile; fileRef = 4BA0B9770F9B2141FF14C8DC /* Pods_TestesUnitariosTests.framework */; };
		A071C3382554AACF008FA6A5 /* CouponTests.swift in Sources */ = {isa = PBXBuildFile; fileRef = A071C3372554AACF008FA6A5 /* CouponTests.swift */; };
		A0ECB5442546317600ACA3BC /* AppDelegate.swift in Sources */ = {isa = PBXBuildFile; fileRef = A0ECB5432546317600ACA3BC /* AppDelegate.swift */; };
		A0ECB5462546317600ACA3BC /* SceneDelegate.swift in Sources */ = {isa = PBXBuildFile; fileRef = A0ECB5452546317600ACA3BC /* SceneDelegate.swift */; };
		A0ECB5482546317600ACA3BC /* ViewController.swift in Sources */ = {isa = PBXBuildFile; fileRef = A0ECB5472546317600ACA3BC /* ViewController.swift */; };
		A0ECB54B2546317600ACA3BC /* Main.storyboard in Resources */ = {isa = PBXBuildFile; fileRef = A0ECB5492546317600ACA3BC /* Main.storyboard */; };
		A0ECB54E2546317600ACA3BC /* TestesUnitarios.xcdatamodeld in Sources */ = {isa = PBXBuildFile; fileRef = A0ECB54C2546317600ACA3BC /* TestesUnitarios.xcdatamodeld */; };
		A0ECB5502546317900ACA3BC /* Assets.xcassets in Resources */ = {isa = PBXBuildFile; fileRef = A0ECB54F2546317900ACA3BC /* Assets.xcassets */; };
		A0ECB5532546317900ACA3BC /* LaunchScreen.storyboard in Resources */ = {isa = PBXBuildFile; fileRef = A0ECB5512546317900ACA3BC /* LaunchScreen.storyboard */; };
		A0ECB5692546317A00ACA3BC /* TestesUnitariosUITests.swift in Sources */ = {isa = PBXBuildFile; fileRef = A0ECB5682546317A00ACA3BC /* TestesUnitariosUITests.swift */; };
		DFCF1D6B03C89CDF64693B52 /* Pods_TestesUnitarios_TestesUnitariosUITests.framework in Frameworks */ = {isa = PBXBuildFile; fileRef = DD627621C3EB9C5733754288 /* Pods_TestesUnitarios_TestesUnitariosUITests.framework */; };
/* End PBXBuildFile section */

/* Begin PBXContainerItemProxy section */
		A0ECB55A2546317900ACA3BC /* PBXContainerItemProxy */ = {
			isa = PBXContainerItemProxy;
			containerPortal = A0ECB5382546317600ACA3BC /* Project object */;
			proxyType = 1;
			remoteGlobalIDString = A0ECB53F2546317600ACA3BC;
			remoteInfo = TestesUnitarios;
		};
		A0ECB5652546317A00ACA3BC /* PBXContainerItemProxy */ = {
			isa = PBXContainerItemProxy;
			containerPortal = A0ECB5382546317600ACA3BC /* Project object */;
			proxyType = 1;
			remoteGlobalIDString = A0ECB53F2546317600ACA3BC;
			remoteInfo = TestesUnitarios;
		};
/* End PBXContainerItemProxy section */

/* Begin PBXFileReference section */
		334BAE2F546FE8B2B1F9F3F3 /* Pods-TestesUnitarios-TestesUnitariosUITests.release.xcconfig */ = {isa = PBXFileReference; includeInIndex = 1; lastKnownFileType = text.xcconfig; name = "Pods-TestesUnitarios-TestesUnitariosUITests.release.xcconfig"; path = "Target Support Files/Pods-TestesUnitarios-TestesUnitariosUITests/Pods-TestesUnitarios-TestesUnitariosUITests.release.xcconfig"; sourceTree = "<group>"; };
		4BA0B9770F9B2141FF14C8DC /* Pods_TestesUnitariosTests.framework */ = {isa = PBXFileReference; explicitFileType = wrapper.framework; includeInIndex = 0; path = Pods_TestesUnitariosTests.framework; sourceTree = BUILT_PRODUCTS_DIR; };
		56AAA8DFFC3EE046F257EC67 /* Pods-TestesUnitariosTests.debug.xcconfig */ = {isa = PBXFileReference; includeInIndex = 1; lastKnownFileType = text.xcconfig; name = "Pods-TestesUnitariosTests.debug.xcconfig"; path = "Target Support Files/Pods-TestesUnitariosTests/Pods-TestesUnitariosTests.debug.xcconfig"; sourceTree = "<group>"; };
		7AB538CA71FEE47E07092B01 /* Pods-TestesUnitarios.debug.xcconfig */ = {isa = PBXFileReference; includeInIndex = 1; lastKnownFileType = text.xcconfig; name = "Pods-TestesUnitarios.debug.xcconfig"; path = "Target Support Files/Pods-TestesUnitarios/Pods-TestesUnitarios.debug.xcconfig"; sourceTree = "<group>"; };
		A071C3372554AACF008FA6A5 /* CouponTests.swift */ = {isa = PBXFileReference; lastKnownFileType = sourcecode.swift; path = CouponTests.swift; sourceTree = "<group>"; };
		A0ECB5402546317600ACA3BC /* TestesUnitarios.app */ = {isa = PBXFileReference; explicitFileType = wrapper.application; includeInIndex = 0; path = TestesUnitarios.app; sourceTree = BUILT_PRODUCTS_DIR; };
		A0ECB5432546317600ACA3BC /* AppDelegate.swift */ = {isa = PBXFileReference; lastKnownFileType = sourcecode.swift; path = AppDelegate.swift; sourceTree = "<group>"; };
		A0ECB5452546317600ACA3BC /* SceneDelegate.swift */ = {isa = PBXFileReference; lastKnownFileType = sourcecode.swift; path = SceneDelegate.swift; sourceTree = "<group>"; };
		A0ECB5472546317600ACA3BC /* ViewController.swift */ = {isa = PBXFileReference; lastKnownFileType = sourcecode.swift; path = ViewController.swift; sourceTree = "<group>"; };
		A0ECB54A2546317600ACA3BC /* Base */ = {isa = PBXFileReference; lastKnownFileType = file.storyboard; name = Base; path = Base.lproj/Main.storyboard; sourceTree = "<group>"; };
		A0ECB54D2546317600ACA3BC /* TestesUnitarios.xcdatamodel */ = {isa = PBXFileReference; lastKnownFileType = wrapper.xcdatamodel; path = TestesUnitarios.xcdatamodel; sourceTree = "<group>"; };
		A0ECB54F2546317900ACA3BC /* Assets.xcassets */ = {isa = PBXFileReference; lastKnownFileType = folder.assetcatalog; path = Assets.xcassets; sourceTree = "<group>"; };
		A0ECB5522546317900ACA3BC /* Base */ = {isa = PBXFileReference; lastKnownFileType = file.storyboard; name = Base; path = Base.lproj/LaunchScreen.storyboard; sourceTree = "<group>"; };
		A0ECB5542546317900ACA3BC /* Info.plist */ = {isa = PBXFileReference; lastKnownFileType = text.plist.xml; path = Info.plist; sourceTree = "<group>"; };
		A0ECB5592546317900ACA3BC /* TestesUnitariosTests.xctest */ = {isa = PBXFileReference; explicitFileType = wrapper.cfbundle; includeInIndex = 0; path = TestesUnitariosTests.xctest; sourceTree = BUILT_PRODUCTS_DIR; };
		A0ECB55F2546317900ACA3BC /* Info.plist */ = {isa = PBXFileReference; lastKnownFileType = text.plist.xml; path = Info.plist; sourceTree = "<group>"; };
		A0ECB5642546317A00ACA3BC /* TestesUnitariosUITests.xctest */ = {isa = PBXFileReference; explicitFileType = wrapper.cfbundle; includeInIndex = 0; path = TestesUnitariosUITests.xctest; sourceTree = BUILT_PRODUCTS_DIR; };
		A0ECB5682546317A00ACA3BC /* TestesUnitariosUITests.swift */ = {isa = PBXFileReference; lastKnownFileType = sourcecode.swift; path = TestesUnitariosUITests.swift; sourceTree = "<group>"; };
		A0ECB56A2546317A00ACA3BC /* Info.plist */ = {isa = PBXFileReference; lastKnownFileType = text.plist.xml; path = Info.plist; sourceTree = "<group>"; };
		B296B72449A0160944B492CC /* Pods_TestesUnitarios.framework */ = {isa = PBXFileReference; explicitFileType = wrapper.framework; includeInIndex = 0; path = Pods_TestesUnitarios.framework; sourceTree = BUILT_PRODUCTS_DIR; };
		DD627621C3EB9C5733754288 /* Pods_TestesUnitarios_TestesUnitariosUITests.framework */ = {isa = PBXFileReference; explicitFileType = wrapper.framework; includeInIndex = 0; path = Pods_TestesUnitarios_TestesUnitariosUITests.framework; sourceTree = BUILT_PRODUCTS_DIR; };
		DD98B4D83564310B5E7311DF /* Pods-TestesUnitarios-TestesUnitariosUITests.debug.xcconfig */ = {isa = PBXFileReference; includeInIndex = 1; lastKnownFileType = text.xcconfig; name = "Pods-TestesUnitarios-TestesUnitariosUITests.debug.xcconfig"; path = "Target Support Files/Pods-TestesUnitarios-TestesUnitariosUITests/Pods-TestesUnitarios-TestesUnitariosUITests.debug.xcconfig"; sourceTree = "<group>"; };
		DF8887F47E4E86C0927B0727 /* Pods-TestesUnitarios.release.xcconfig */ = {isa = PBXFileReference; includeInIndex = 1; lastKnownFileType = text.xcconfig; name = "Pods-TestesUnitarios.release.xcconfig"; path = "Target Support Files/Pods-TestesUnitarios/Pods-TestesUnitarios.release.xcconfig"; sourceTree = "<group>"; };
		FA078CE5BAB2FF12A6C24DCF /* Pods-TestesUnitariosTests.release.xcconfig */ = {isa = PBXFileReference; includeInIndex = 1; lastKnownFileType = text.xcconfig; name = "Pods-TestesUnitariosTests.release.xcconfig"; path = "Target Support Files/Pods-TestesUnitariosTests/Pods-TestesUnitariosTests.release.xcconfig"; sourceTree = "<group>"; };
/* End PBXFileReference section */

/* Begin PBXFrameworksBuildPhase section */
		A0ECB53D2546317600ACA3BC /* Frameworks */ = {
			isa = PBXFrameworksBuildPhase;
			buildActionMask = 2147483647;
			files = (
				5CF01E8ACAD4A01CF14B9BE0 /* Pods_TestesUnitarios.framework in Frameworks */,
			);
			runOnlyForDeploymentPostprocessing = 0;
		};
		A0ECB5562546317900ACA3BC /* Frameworks */ = {
			isa = PBXFrameworksBuildPhase;
			buildActionMask = 2147483647;
			files = (
				77D7753001B7939FD14040B8 /* Pods_TestesUnitariosTests.framework in Frameworks */,
			);
			runOnlyForDeploymentPostprocessing = 0;
		};
		A0ECB5612546317A00ACA3BC /* Frameworks */ = {
			isa = PBXFrameworksBuildPhase;
			buildActionMask = 2147483647;
			files = (
				DFCF1D6B03C89CDF64693B52 /* Pods_TestesUnitarios_TestesUnitariosUITests.framework in Frameworks */,
			);
			runOnlyForDeploymentPostprocessing = 0;
		};
/* End PBXFrameworksBuildPhase section */

/* Begin PBXGroup section */
		40C23F67DFF5147309FA4210 /* Pods */ = {
			isa = PBXGroup;
			children = (
				7AB538CA71FEE47E07092B01 /* Pods-TestesUnitarios.debug.xcconfig */,
				DF8887F47E4E86C0927B0727 /* Pods-TestesUnitarios.release.xcconfig */,
				DD98B4D83564310B5E7311DF /* Pods-TestesUnitarios-TestesUnitariosUITests.debug.xcconfig */,
				334BAE2F546FE8B2B1F9F3F3 /* Pods-TestesUnitarios-TestesUnitariosUITests.release.xcconfig */,
				56AAA8DFFC3EE046F257EC67 /* Pods-TestesUnitariosTests.debug.xcconfig */,
				FA078CE5BAB2FF12A6C24DCF /* Pods-TestesUnitariosTests.release.xcconfig */,
			);
			path = Pods;
			sourceTree = "<group>";
		};
		8FF972D72F077E303C35548A /* Frameworks */ = {
			isa = PBXGroup;
			children = (
				B296B72449A0160944B492CC /* Pods_TestesUnitarios.framework */,
				DD627621C3EB9C5733754288 /* Pods_TestesUnitarios_TestesUnitariosUITests.framework */,
				4BA0B9770F9B2141FF14C8DC /* Pods_TestesUnitariosTests.framework */,
			);
			name = Frameworks;
			sourceTree = "<group>";
		};
		A071C3362554A96D008FA6A5 /* Tests */ = {
			isa = PBXGroup;
			children = (
				A071C3372554AACF008FA6A5 /* CouponTests.swift */,
			);
			path = Tests;
			sourceTree = "<group>";
		};
		A0ECB5372546317600ACA3BC = {
			isa = PBXGroup;
			children = (
				A0ECB5422546317600ACA3BC /* TestesUnitarios */,
				A0ECB55C2546317900ACA3BC /* TestesUnitariosTests */,
				A0ECB5672546317A00ACA3BC /* TestesUnitariosUITests */,
				A0ECB5412546317600ACA3BC /* Products */,
				40C23F67DFF5147309FA4210 /* Pods */,
				8FF972D72F077E303C35548A /* Frameworks */,
			);
			sourceTree = "<group>";
		};
		A0ECB5412546317600ACA3BC /* Products */ = {
			isa = PBXGroup;
			children = (
				A0ECB5402546317600ACA3BC /* TestesUnitarios.app */,
				A0ECB5592546317900ACA3BC /* TestesUnitariosTests.xctest */,
				A0ECB5642546317A00ACA3BC /* TestesUnitariosUITests.xctest */,
			);
			name = Products;
			sourceTree = "<group>";
		};
		A0ECB5422546317600ACA3BC /* TestesUnitarios */ = {
			isa = PBXGroup;
			children = (
				A0ECB5432546317600ACA3BC /* AppDelegate.swift */,
				A0ECB5452546317600ACA3BC /* SceneDelegate.swift */,
				A0ECB5472546317600ACA3BC /* ViewController.swift */,
				A0ECB5492546317600ACA3BC /* Main.storyboard */,
				A0ECB54F2546317900ACA3BC /* Assets.xcassets */,
				A0ECB5512546317900ACA3BC /* LaunchScreen.storyboard */,
				A0ECB5542546317900ACA3BC /* Info.plist */,
				A0ECB54C2546317600ACA3BC /* TestesUnitarios.xcdatamodeld */,
			);
			path = TestesUnitarios;
			sourceTree = "<group>";
		};
		A0ECB55C2546317900ACA3BC /* TestesUnitariosTests */ = {
			isa = PBXGroup;
			children = (
				A071C3362554A96D008FA6A5 /* Tests */,
				A0ECB55F2546317900ACA3BC /* Info.plist */,
			);
			path = TestesUnitariosTests;
			sourceTree = "<group>";
		};
		A0ECB5672546317A00ACA3BC /* TestesUnitariosUITests */ = {
			isa = PBXGroup;
			children = (
				A0ECB5682546317A00ACA3BC /* TestesUnitariosUITests.swift */,
				A0ECB56A2546317A00ACA3BC /* Info.plist */,
			);
			path = TestesUnitariosUITests;
			sourceTree = "<group>";
		};
/* End PBXGroup section */

/* Begin PBXNativeTarget section */
		A0ECB53F2546317600ACA3BC /* TestesUnitarios */ = {
			isa = PBXNativeTarget;
			buildConfigurationList = A0ECB56D2546317A00ACA3BC /* Build configuration list for PBXNativeTarget "TestesUnitarios" */;
			buildPhases = (
				0E621E51590E538F5528549F /* [CP] Check Pods Manifest.lock */,
				A0ECB53C2546317600ACA3BC /* Sources */,
				A0ECB53D2546317600ACA3BC /* Frameworks */,
				A0ECB53E2546317600ACA3BC /* Resources */,
			);
			buildRules = (
			);
			dependencies = (
			);
			name = TestesUnitarios;
			productName = TestesUnitarios;
			productReference = A0ECB5402546317600ACA3BC /* TestesUnitarios.app */;
			productType = "com.apple.product-type.application";
		};
		A0ECB5582546317900ACA3BC /* TestesUnitariosTests */ = {
			isa = PBXNativeTarget;
			buildConfigurationList = A0ECB5702546317A00ACA3BC /* Build configuration list for PBXNativeTarget "TestesUnitariosTests" */;
			buildPhases = (
				8BD6A873D290BAD266402784 /* [CP] Check Pods Manifest.lock */,
				A0ECB5552546317900ACA3BC /* Sources */,
				A0ECB5562546317900ACA3BC /* Frameworks */,
				A0ECB5572546317900ACA3BC /* Resources */,
				A42D6F0B4A16BD3245B5C07A /* [CP] Embed Pods Frameworks */,
			);
			buildRules = (
			);
			dependencies = (
				A0ECB55B2546317900ACA3BC /* PBXTargetDependency */,
			);
			name = TestesUnitariosTests;
			productName = TestesUnitariosTests;
			productReference = A0ECB5592546317900ACA3BC /* TestesUnitariosTests.xctest */;
			productType = "com.apple.product-type.bundle.unit-test";
		};
		A0ECB5632546317A00ACA3BC /* TestesUnitariosUITests */ = {
			isa = PBXNativeTarget;
			buildConfigurationList = A0ECB5732546317A00ACA3BC /* Build configuration list for PBXNativeTarget "TestesUnitariosUITests" */;
			buildPhases = (
				27E543E45581E604F3C7CCDA /* [CP] Check Pods Manifest.lock */,
				A0ECB5602546317A00ACA3BC /* Sources */,
				A0ECB5612546317A00ACA3BC /* Frameworks */,
				A0ECB5622546317A00ACA3BC /* Resources */,
			);
			buildRules = (
			);
			dependencies = (
				A0ECB5662546317A00ACA3BC /* PBXTargetDependency */,
			);
			name = TestesUnitariosUITests;
			productName = TestesUnitariosUITests;
			productReference = A0ECB5642546317A00ACA3BC /* TestesUnitariosUITests.xctest */;
			productType = "com.apple.product-type.bundle.ui-testing";
		};
/* End PBXNativeTarget section */

/* Begin PBXProject section */
		A0ECB5382546317600ACA3BC /* Project object */ = {
			isa = PBXProject;
			attributes = {
				LastSwiftUpdateCheck = 1200;
				LastUpgradeCheck = 1200;
				TargetAttributes = {
					A0ECB53F2546317600ACA3BC = {
						CreatedOnToolsVersion = 12.0.1;
					};
					A0ECB5582546317900ACA3BC = {
						CreatedOnToolsVersion = 12.0.1;
						LastSwiftMigration = 1200;
						TestTargetID = A0ECB53F2546317600ACA3BC;
					};
					A0ECB5632546317A00ACA3BC = {
						CreatedOnToolsVersion = 12.0.1;
						TestTargetID = A0ECB53F2546317600ACA3BC;
					};
				};
			};
			buildConfigurationList = A0ECB53B2546317600ACA3BC /* Build configuration list for PBXProject "TestesUnitarios" */;
			compatibilityVersion = "Xcode 9.3";
			developmentRegion = en;
			hasScannedForEncodings = 0;
			knownRegions = (
				en,
				Base,
			);
			mainGroup = A0ECB5372546317600ACA3BC;
			productRefGroup = A0ECB5412546317600ACA3BC /* Products */;
			projectDirPath = "";
			projectRoot = "";
			targets = (
				A0ECB53F2546317600ACA3BC /* TestesUnitarios */,
				A0ECB5582546317900ACA3BC /* TestesUnitariosTests */,
				A0ECB5632546317A00ACA3BC /* TestesUnitariosUITests */,
			);
		};
/* End PBXProject section */

/* Begin PBXResourcesBuildPhase section */
		A0ECB53E2546317600ACA3BC /* Resources */ = {
			isa = PBXResourcesBuildPhase;
			buildActionMask = 2147483647;
			files = (
				A0ECB5532546317900ACA3BC /* LaunchScreen.storyboard in Resources */,
				A0ECB5502546317900ACA3BC /* Assets.xcassets in Resources */,
				A0ECB54B2546317600ACA3BC /* Main.storyboard in Resources */,
			);
			runOnlyForDeploymentPostprocessing = 0;
		};
		A0ECB5572546317900ACA3BC /* Resources */ = {
			isa = PBXResourcesBuildPhase;
			buildActionMask = 2147483647;
			files = (
			);
			runOnlyForDeploymentPostprocessing = 0;
		};
		A0ECB5622546317A00ACA3BC /* Resources */ = {
			isa = PBXResourcesBuildPhase;
			buildActionMask = 2147483647;
			files = (
			);
			runOnlyForDeploymentPostprocessing = 0;
		};
/* End PBXResourcesBuildPhase section */

/* Begin PBXShellScriptBuildPhase section */
		0E621E51590E538F5528549F /* [CP] Check Pods Manifest.lock */ = {
			isa = PBXShellScriptBuildPhase;
			buildActionMask = 2147483647;
			files = (
			);
			inputFileListPaths = (
			);
			inputPaths = (
				"${PODS_PODFILE_DIR_PATH}/Podfile.lock",
				"${PODS_ROOT}/Manifest.lock",
			);
			name = "[CP] Check Pods Manifest.lock";
			outputFileListPaths = (
			);
			outputPaths = (
				"$(DERIVED_FILE_DIR)/Pods-TestesUnitarios-checkManifestLockResult.txt",
			);
			runOnlyForDeploymentPostprocessing = 0;
			shellPath = /bin/sh;
			shellScript = "diff \"${PODS_PODFILE_DIR_PATH}/Podfile.lock\" \"${PODS_ROOT}/Manifest.lock\" > /dev/null\nif [ $? != 0 ] ; then\n    # print error to STDERR\n    echo \"error: The sandbox is not in sync with the Podfile.lock. Run 'pod install' or update your CocoaPods installation.\" >&2\n    exit 1\nfi\n# This output is used by Xcode 'outputs' to avoid re-running this script phase.\necho \"SUCCESS\" > \"${SCRIPT_OUTPUT_FILE_0}\"\n";
			showEnvVarsInLog = 0;
		};
		27E543E45581E604F3C7CCDA /* [CP] Check Pods Manifest.lock */ = {
			isa = PBXShellScriptBuildPhase;
			buildActionMask = 2147483647;
			files = (
			);
			inputFileListPaths = (
			);
			inputPaths = (
				"${PODS_PODFILE_DIR_PATH}/Podfile.lock",
				"${PODS_ROOT}/Manifest.lock",
			);
			name = "[CP] Check Pods Manifest.lock";
			outputFileListPaths = (
			);
			outputPaths = (
				"$(DERIVED_FILE_DIR)/Pods-TestesUnitarios-TestesUnitariosUITests-checkManifestLockResult.txt",
			);
			runOnlyForDeploymentPostprocessing = 0;
			shellPath = /bin/sh;
			shellScript = "diff \"${PODS_PODFILE_DIR_PATH}/Podfile.lock\" \"${PODS_ROOT}/Manifest.lock\" > /dev/null\nif [ $? != 0 ] ; then\n    # print error to STDERR\n    echo \"error: The sandbox is not in sync with the Podfile.lock. Run 'pod install' or update your CocoaPods installation.\" >&2\n    exit 1\nfi\n# This output is used by Xcode 'outputs' to avoid re-running this script phase.\necho \"SUCCESS\" > \"${SCRIPT_OUTPUT_FILE_0}\"\n";
			showEnvVarsInLog = 0;
		};
		8BD6A873D290BAD266402784 /* [CP] Check Pods Manifest.lock */ = {
			isa = PBXShellScriptBuildPhase;
			buildActionMask = 2147483647;
			files = (
			);
			inputFileListPaths = (
			);
			inputPaths = (
				"${PODS_PODFILE_DIR_PATH}/Podfile.lock",
				"${PODS_ROOT}/Manifest.lock",
			);
			name = "[CP] Check Pods Manifest.lock";
			outputFileListPaths = (
			);
			outputPaths = (
				"$(DERIVED_FILE_DIR)/Pods-TestesUnitariosTests-checkManifestLockResult.txt",
			);
			runOnlyForDeploymentPostprocessing = 0;
			shellPath = /bin/sh;
			shellScript = "diff \"${PODS_PODFILE_DIR_PATH}/Podfile.lock\" \"${PODS_ROOT}/Manifest.lock\" > /dev/null\nif [ $? != 0 ] ; then\n    # print error to STDERR\n    echo \"error: The sandbox is not in sync with the Podfile.lock. Run 'pod install' or update your CocoaPods installation.\" >&2\n    exit 1\nfi\n# This output is used by Xcode 'outputs' to avoid re-running this script phase.\necho \"SUCCESS\" > \"${SCRIPT_OUTPUT_FILE_0}\"\n";
			showEnvVarsInLog = 0;
		};
		A42D6F0B4A16BD3245B5C07A /* [CP] Embed Pods Frameworks */ = {
			isa = PBXShellScriptBuildPhase;
			buildActionMask = 2147483647;
			files = (
			);
			inputFileListPaths = (
				"${PODS_ROOT}/Target Support Files/Pods-TestesUnitariosTests/Pods-TestesUnitariosTests-frameworks-${CONFIGURATION}-input-files.xcfilelist",
			);
			name = "[CP] Embed Pods Frameworks";
			outputFileListPaths = (
				"${PODS_ROOT}/Target Support Files/Pods-TestesUnitariosTests/Pods-TestesUnitariosTests-frameworks-${CONFIGURATION}-output-files.xcfilelist",
			);
			runOnlyForDeploymentPostprocessing = 0;
			shellPath = /bin/sh;
			shellScript = "\"${PODS_ROOT}/Target Support Files/Pods-TestesUnitariosTests/Pods-TestesUnitariosTests-frameworks.sh\"\n";
			showEnvVarsInLog = 0;
		};
/* End PBXShellScriptBuildPhase section */

/* Begin PBXSourcesBuildPhase section */
		A0ECB53C2546317600ACA3BC /* Sources */ = {
			isa = PBXSourcesBuildPhase;
			buildActionMask = 2147483647;
			files = (
				A0ECB5482546317600ACA3BC /* ViewController.swift in Sources */,
				A0ECB5442546317600ACA3BC /* AppDelegate.swift in Sources */,
				A0ECB54E2546317600ACA3BC /* TestesUnitarios.xcdatamodeld in Sources */,
				A0ECB5462546317600ACA3BC /* SceneDelegate.swift in Sources */,
			);
			runOnlyForDeploymentPostprocessing = 0;
		};
		A0ECB5552546317900ACA3BC /* Sources */ = {
			isa = PBXSourcesBuildPhase;
			buildActionMask = 2147483647;
			files = (
				A071C3382554AACF008FA6A5 /* CouponTests.swift in Sources */,
			);
			runOnlyForDeploymentPostprocessing = 0;
		};
		A0ECB5602546317A00ACA3BC /* Sources */ = {
			isa = PBXSourcesBuildPhase;
			buildActionMask = 2147483647;
			files = (
				A0ECB5692546317A00ACA3BC /* TestesUnitariosUITests.swift in Sources */,
			);
			runOnlyForDeploymentPostprocessing = 0;
		};
/* End PBXSourcesBuildPhase section */

/* Begin PBXTargetDependency section */
		A0ECB55B2546317900ACA3BC /* PBXTargetDependency */ = {
			isa = PBXTargetDependency;
			target = A0ECB53F2546317600ACA3BC /* TestesUnitarios */;
			targetProxy = A0ECB55A2546317900ACA3BC /* PBXContainerItemProxy */;
		};
		A0ECB5662546317A00ACA3BC /* PBXTargetDependency */ = {
			isa = PBXTargetDependency;
			target = A0ECB53F2546317600ACA3BC /* TestesUnitarios */;
			targetProxy = A0ECB5652546317A00ACA3BC /* PBXContainerItemProxy */;
		};
/* End PBXTargetDependency section */

/* Begin PBXVariantGroup section */
		A0ECB5492546317600ACA3BC /* Main.storyboard */ = {
			isa = PBXVariantGroup;
			children = (
				A0ECB54A2546317600ACA3BC /* Base */,
			);
			name = Main.storyboard;
			sourceTree = "<group>";
		};
		A0ECB5512546317900ACA3BC /* LaunchScreen.storyboard */ = {
			isa = PBXVariantGroup;
			children = (
				A0ECB5522546317900ACA3BC /* Base */,
			);
			name = LaunchScreen.storyboard;
			sourceTree = "<group>";
		};
/* End PBXVariantGroup section */

/* Begin XCBuildConfiguration section */
		A0ECB56B2546317A00ACA3BC /* Debug */ = {
			isa = XCBuildConfiguration;
			buildSettings = {
				ALWAYS_SEARCH_USER_PATHS = NO;
				CLANG_ANALYZER_NONNULL = YES;
				CLANG_ANALYZER_NUMBER_OBJECT_CONVERSION = YES_AGGRESSIVE;
				CLANG_CXX_LANGUAGE_STANDARD = "gnu++14";
				CLANG_CXX_LIBRARY = "libc++";
				CLANG_ENABLE_MODULES = YES;
				CLANG_ENABLE_OBJC_ARC = YES;
				CLANG_ENABLE_OBJC_WEAK = YES;
				CLANG_WARN_BLOCK_CAPTURE_AUTORELEASING = YES;
				CLANG_WARN_BOOL_CONVERSION = YES;
				CLANG_WARN_COMMA = YES;
				CLANG_WARN_CONSTANT_CONVERSION = YES;
				CLANG_WARN_DEPRECATED_OBJC_IMPLEMENTATIONS = YES;
				CLANG_WARN_DIRECT_OBJC_ISA_USAGE = YES_ERROR;
				CLANG_WARN_DOCUMENTATION_COMMENTS = YES;
				CLANG_WARN_EMPTY_BODY = YES;
				CLANG_WARN_ENUM_CONVERSION = YES;
				CLANG_WARN_INFINITE_RECURSION = YES;
				CLANG_WARN_INT_CONVERSION = YES;
				CLANG_WARN_NON_LITERAL_NULL_CONVERSION = YES;
				CLANG_WARN_OBJC_IMPLICIT_RETAIN_SELF = YES;
				CLANG_WARN_OBJC_LITERAL_CONVERSION = YES;
				CLANG_WARN_OBJC_ROOT_CLASS = YES_ERROR;
				CLANG_WARN_QUOTED_INCLUDE_IN_FRAMEWORK_HEADER = YES;
				CLANG_WARN_RANGE_LOOP_ANALYSIS = YES;
				CLANG_WARN_STRICT_PROTOTYPES = YES;
				CLANG_WARN_SUSPICIOUS_MOVE = YES;
				CLANG_WARN_UNGUARDED_AVAILABILITY = YES_AGGRESSIVE;
				CLANG_WARN_UNREACHABLE_CODE = YES;
				CLANG_WARN__DUPLICATE_METHOD_MATCH = YES;
				COPY_PHASE_STRIP = NO;
				DEBUG_INFORMATION_FORMAT = dwarf;
				ENABLE_STRICT_OBJC_MSGSEND = YES;
				ENABLE_TESTABILITY = YES;
				GCC_C_LANGUAGE_STANDARD = gnu11;
				GCC_DYNAMIC_NO_PIC = NO;
				GCC_NO_COMMON_BLOCKS = YES;
				GCC_OPTIMIZATION_LEVEL = 0;
				GCC_PREPROCESSOR_DEFINITIONS = (
					"DEBUG=1",
					"$(inherited)",
				);
				GCC_WARN_64_TO_32_BIT_CONVERSION = YES;
				GCC_WARN_ABOUT_RETURN_TYPE = YES_ERROR;
				GCC_WARN_UNDECLARED_SELECTOR = YES;
				GCC_WARN_UNINITIALIZED_AUTOS = YES_AGGRESSIVE;
				GCC_WARN_UNUSED_FUNCTION = YES;
				GCC_WARN_UNUSED_VARIABLE = YES;
				IPHONEOS_DEPLOYMENT_TARGET = 14.0;
				MTL_ENABLE_DEBUG_INFO = INCLUDE_SOURCE;
				MTL_FAST_MATH = YES;
				ONLY_ACTIVE_ARCH = YES;
				SDKROOT = iphoneos;
				SWIFT_ACTIVE_COMPILATION_CONDITIONS = DEBUG;
				SWIFT_OPTIMIZATION_LEVEL = "-Onone";
			};
			name = Debug;
		};
		A0ECB56C2546317A00ACA3BC /* Release */ = {
			isa = XCBuildConfiguration;
			buildSettings = {
				ALWAYS_SEARCH_USER_PATHS = NO;
				CLANG_ANALYZER_NONNULL = YES;
				CLANG_ANALYZER_NUMBER_OBJECT_CONVERSION = YES_AGGRESSIVE;
				CLANG_CXX_LANGUAGE_STANDARD = "gnu++14";
				CLANG_CXX_LIBRARY = "libc++";
				CLANG_ENABLE_MODULES = YES;
				CLANG_ENABLE_OBJC_ARC = YES;
				CLANG_ENABLE_OBJC_WEAK = YES;
				CLANG_WARN_BLOCK_CAPTURE_AUTORELEASING = YES;
				CLANG_WARN_BOOL_CONVERSION = YES;
				CLANG_WARN_COMMA = YES;
				CLANG_WARN_CONSTANT_CONVERSION = YES;
				CLANG_WARN_DEPRECATED_OBJC_IMPLEMENTATIONS = YES;
				CLANG_WARN_DIRECT_OBJC_ISA_USAGE = YES_ERROR;
				CLANG_WARN_DOCUMENTATION_COMMENTS = YES;
				CLANG_WARN_EMPTY_BODY = YES;
				CLANG_WARN_ENUM_CONVERSION = YES;
				CLANG_WARN_INFINITE_RECURSION = YES;
				CLANG_WARN_INT_CONVERSION = YES;
				CLANG_WARN_NON_LITERAL_NULL_CONVERSION = YES;
				CLANG_WARN_OBJC_IMPLICIT_RETAIN_SELF = YES;
				CLANG_WARN_OBJC_LITERAL_CONVERSION = YES;
				CLANG_WARN_OBJC_ROOT_CLASS = YES_ERROR;
				CLANG_WARN_QUOTED_INCLUDE_IN_FRAMEWORK_HEADER = YES;
				CLANG_WARN_RANGE_LOOP_ANALYSIS = YES;
				CLANG_WARN_STRICT_PROTOTYPES = YES;
				CLANG_WARN_SUSPICIOUS_MOVE = YES;
				CLANG_WARN_UNGUARDED_AVAILABILITY = YES_AGGRESSIVE;
				CLANG_WARN_UNREACHABLE_CODE = YES;
				CLANG_WARN__DUPLICATE_METHOD_MATCH = YES;
				COPY_PHASE_STRIP = NO;
				DEBUG_INFORMATION_FORMAT = "dwarf-with-dsym";
				ENABLE_NS_ASSERTIONS = NO;
				ENABLE_STRICT_OBJC_MSGSEND = YES;
				GCC_C_LANGUAGE_STANDARD = gnu11;
				GCC_NO_COMMON_BLOCKS = YES;
				GCC_WARN_64_TO_32_BIT_CONVERSION = YES;
				GCC_WARN_ABOUT_RETURN_TYPE = YES_ERROR;
				GCC_WARN_UNDECLARED_SELECTOR = YES;
				GCC_WARN_UNINITIALIZED_AUTOS = YES_AGGRESSIVE;
				GCC_WARN_UNUSED_FUNCTION = YES;
				GCC_WARN_UNUSED_VARIABLE = YES;
				IPHONEOS_DEPLOYMENT_TARGET = 14.0;
				MTL_ENABLE_DEBUG_INFO = NO;
				MTL_FAST_MATH = YES;
				SDKROOT = iphoneos;
				SWIFT_COMPILATION_MODE = wholemodule;
				SWIFT_OPTIMIZATION_LEVEL = "-O";
				VALIDATE_PRODUCT = YES;
			};
			name = Release;
		};
		A0ECB56E2546317A00ACA3BC /* Debug */ = {
			isa = XCBuildConfiguration;
			baseConfigurationReference = 7AB538CA71FEE47E07092B01 /* Pods-TestesUnitarios.debug.xcconfig */;
			buildSettings = {
				ASSETCATALOG_COMPILER_APPICON_NAME = AppIcon;
				ASSETCATALOG_COMPILER_GLOBAL_ACCENT_COLOR_NAME = AccentColor;
				CODE_SIGN_STYLE = Automatic;
				INFOPLIST_FILE = TestesUnitarios/Info.plist;
				LD_RUNPATH_SEARCH_PATHS = (
					"$(inherited)",
					"@executable_path/Frameworks",
				);
				PRODUCT_BUNDLE_IDENTIFIER = MouraYuri.TestesUnitarios;
				PRODUCT_NAME = "$(TARGET_NAME)";
				SWIFT_VERSION = 5.0;
				TARGETED_DEVICE_FAMILY = "1,2";
			};
			name = Debug;
		};
		A0ECB56F2546317A00ACA3BC /* Release */ = {
			isa = XCBuildConfiguration;
			baseConfigurationReference = DF8887F47E4E86C0927B0727 /* Pods-TestesUnitarios.release.xcconfig */;
			buildSettings = {
				ASSETCATALOG_COMPILER_APPICON_NAME = AppIcon;
				ASSETCATALOG_COMPILER_GLOBAL_ACCENT_COLOR_NAME = AccentColor;
				CODE_SIGN_STYLE = Automatic;
				INFOPLIST_FILE = TestesUnitarios/Info.plist;
				LD_RUNPATH_SEARCH_PATHS = (
					"$(inherited)",
					"@executable_path/Frameworks",
				);
				PRODUCT_BUNDLE_IDENTIFIER = MouraYuri.TestesUnitarios;
				PRODUCT_NAME = "$(TARGET_NAME)";
				SWIFT_VERSION = 5.0;
				TARGETED_DEVICE_FAMILY = "1,2";
			};
			name = Release;
		};
		A0ECB5712546317A00ACA3BC /* Debug */ = {
			isa = XCBuildConfiguration;
			baseConfigurationReference = 56AAA8DFFC3EE046F257EC67 /* Pods-TestesUnitariosTests.debug.xcconfig */;
			buildSettings = {
				ALWAYS_EMBED_SWIFT_STANDARD_LIBRARIES = YES;
				BUNDLE_LOADER = "$(TEST_HOST)";
				CLANG_ENABLE_MODULES = YES;
				CODE_SIGN_STYLE = Automatic;
				INFOPLIST_FILE = TestesUnitariosTests/Info.plist;
				IPHONEOS_DEPLOYMENT_TARGET = 14.0;
				LD_RUNPATH_SEARCH_PATHS = (
					"$(inherited)",
					"@executable_path/Frameworks",
					"@loader_path/Frameworks",
				);
				PRODUCT_BUNDLE_IDENTIFIER = MouraYuri.TestesUnitariosTests;
				PRODUCT_NAME = "$(TARGET_NAME)";
				SWIFT_OPTIMIZATION_LEVEL = "-Onone";
				SWIFT_VERSION = 5.0;
				TARGETED_DEVICE_FAMILY = "1,2";
				TEST_HOST = "$(BUILT_PRODUCTS_DIR)/TestesUnitarios.app/TestesUnitarios";
			};
			name = Debug;
		};
		A0ECB5722546317A00ACA3BC /* Release */ = {
			isa = XCBuildConfiguration;
			baseConfigurationReference = FA078CE5BAB2FF12A6C24DCF /* Pods-TestesUnitariosTests.release.xcconfig */;
			buildSettings = {
				ALWAYS_EMBED_SWIFT_STANDARD_LIBRARIES = YES;
				BUNDLE_LOADER = "$(TEST_HOST)";
				CLANG_ENABLE_MODULES = YES;
				CODE_SIGN_STYLE = Automatic;
				INFOPLIST_FILE = TestesUnitariosTests/Info.plist;
				IPHONEOS_DEPLOYMENT_TARGET = 14.0;
				LD_RUNPATH_SEARCH_PATHS = (
					"$(inherited)",
					"@executable_path/Frameworks",
					"@loader_path/Frameworks",
				);
				PRODUCT_BUNDLE_IDENTIFIER = MouraYuri.TestesUnitariosTests;
				PRODUCT_NAME = "$(TARGET_NAME)";
				SWIFT_VERSION = 5.0;
				TARGETED_DEVICE_FAMILY = "1,2";
				TEST_HOST = "$(BUILT_PRODUCTS_DIR)/TestesUnitarios.app/TestesUnitarios";
			};
			name = Release;
		};
		A0ECB5742546317A00ACA3BC /* Debug */ = {
			isa = XCBuildConfiguration;
			baseConfigurationReference = DD98B4D83564310B5E7311DF /* Pods-TestesUnitarios-TestesUnitariosUITests.debug.xcconfig */;
			buildSettings = {
				ALWAYS_EMBED_SWIFT_STANDARD_LIBRARIES = YES;
				CODE_SIGN_STYLE = Automatic;
				INFOPLIST_FILE = TestesUnitariosUITests/Info.plist;
				LD_RUNPATH_SEARCH_PATHS = (
					"$(inherited)",
					"@executable_path/Frameworks",
					"@loader_path/Frameworks",
				);
				PRODUCT_BUNDLE_IDENTIFIER = MouraYuri.TestesUnitariosUITests;
				PRODUCT_NAME = "$(TARGET_NAME)";
				SWIFT_VERSION = 5.0;
				TARGETED_DEVICE_FAMILY = "1,2";
				TEST_TARGET_NAME = TestesUnitarios;
			};
			name = Debug;
		};
		A0ECB5752546317A00ACA3BC /* Release */ = {
			isa = XCBuildConfiguration;
			baseConfigurationReference = 334BAE2F546FE8B2B1F9F3F3 /* Pods-TestesUnitarios-TestesUnitariosUITests.release.xcconfig */;
			buildSettings = {
				ALWAYS_EMBED_SWIFT_STANDARD_LIBRARIES = YES;
				CODE_SIGN_STYLE = Automatic;
				INFOPLIST_FILE = TestesUnitariosUITests/Info.plist;
				LD_RUNPATH_SEARCH_PATHS = (
					"$(inherited)",
					"@executable_path/Frameworks",
					"@loader_path/Frameworks",
				);
				PRODUCT_BUNDLE_IDENTIFIER = MouraYuri.TestesUnitariosUITests;
				PRODUCT_NAME = "$(TARGET_NAME)";
				SWIFT_VERSION = 5.0;
				TARGETED_DEVICE_FAMILY = "1,2";
				TEST_TARGET_NAME = TestesUnitarios;
			};
			name = Release;
		};
/* End XCBuildConfiguration section */

/* Begin XCConfigurationList section */
		A0ECB53B2546317600ACA3BC /* Build configuration list for PBXProject "TestesUnitarios" */ = {
			isa = XCConfigurationList;
			buildConfigurations = (
				A0ECB56B2546317A00ACA3BC /* Debug */,
				A0ECB56C2546317A00ACA3BC /* Release */,
			);
			defaultConfigurationIsVisible = 0;
			defaultConfigurationName = Release;
		};
		A0ECB56D2546317A00ACA3BC /* Build configuration list for PBXNativeTarget "TestesUnitarios" */ = {
			isa = XCConfigurationList;
			buildConfigurations = (
				A0ECB56E2546317A00ACA3BC /* Debug */,
				A0ECB56F2546317A00ACA3BC /* Release */,
			);
			defaultConfigurationIsVisible = 0;
			defaultConfigurationName = Release;
		};
		A0ECB5702546317A00ACA3BC /* Build configuration list for PBXNativeTarget "TestesUnitariosTests" */ = {
			isa = XCConfigurationList;
			buildConfigurations = (
				A0ECB5712546317A00ACA3BC /* Debug */,
				A0ECB5722546317A00ACA3BC /* Release */,
			);
			defaultConfigurationIsVisible = 0;
			defaultConfigurationName = Release;
		};
		A0ECB5732546317A00ACA3BC /* Build configuration list for PBXNativeTarget "TestesUnitariosUITests" */ = {
			isa = XCConfigurationList;
			buildConfigurations = (
				A0ECB5742546317A00ACA3BC /* Debug */,
				A0ECB5752546317A00ACA3BC /* Release */,
			);
			defaultConfigurationIsVisible = 0;
			defaultConfigurationName = Release;
		};
/* End XCConfigurationList section */

/* Begin XCVersionGroup section */
		A0ECB54C2546317600ACA3BC /* TestesUnitarios.xcdatamodeld */ = {
			isa = XCVersionGroup;
			children = (
				A0ECB54D2546317600ACA3BC /* TestesUnitarios.xcdatamodel */,
			);
			currentVersion = A0ECB54D2546317600ACA3BC /* TestesUnitarios.xcdatamodel */;
			path = TestesUnitarios.xcdatamodeld;
			sourceTree = "<group>";
			versionGroupType = wrapper.xcdatamodel;
		};
/* End XCVersionGroup section */
	};
	rootObject = A0ECB5382546317600ACA3BC /* Project object */;
}
